// !$*UTF8*$!
{
	archiveVersion = 1;
	classes = {
	};
	objectVersion = 46;
	objects = {

/* Begin PBXBuildFile section */
		0716521ED1A5E3F7EBCA1769 /* libPods-sixLive.a in Frameworks */ = {isa = PBXBuildFile; fileRef = 03AA5A9E32D8FF2CE233CD6E /* libPods-sixLive.a */; };
		0A27766A1F0645EB00010A80 /* SIXSelectTypeViewController.m in Sources */ = {isa = PBXBuildFile; fileRef = 0A2776691F0645EB00010A80 /* SIXSelectTypeViewController.m */; };
		0A27766E1F0646A400010A80 /* SIXSelectTypeLayout.m in Sources */ = {isa = PBXBuildFile; fileRef = 0A27766D1F0646A400010A80 /* SIXSelectTypeLayout.m */; };
		0A2776711F06474300010A80 /* SIXSelectTypeCollectionViewCell.m in Sources */ = {isa = PBXBuildFile; fileRef = 0A2776701F06474300010A80 /* SIXSelectTypeCollectionViewCell.m */; };
		0A2776741F064C4E00010A80 /* SIXSelectTypeModel.m in Sources */ = {isa = PBXBuildFile; fileRef = 0A2776731F064C4E00010A80 /* SIXSelectTypeModel.m */; };
		0A2776771F0650A900010A80 /* SIXSelectTypeBtnModel.m in Sources */ = {isa = PBXBuildFile; fileRef = 0A2776761F0650A900010A80 /* SIXSelectTypeBtnModel.m */; };
		0A2776791F06512B00010A80 /* lobby_live_select_type.plist in Resources */ = {isa = PBXBuildFile; fileRef = 0A2776781F06512B00010A80 /* lobby_live_select_type.plist */; };
		0A27767C1F06639700010A80 /* SIXSelecTypeSupplementaryView.m in Sources */ = {isa = PBXBuildFile; fileRef = 0A27767B1F06639700010A80 /* SIXSelecTypeSupplementaryView.m */; };
		0A457BE51F033E96003FD0E2 /* SIXCollectionView.m in Sources */ = {isa = PBXBuildFile; fileRef = 0A457BE41F033E96003FD0E2 /* SIXCollectionView.m */; };
		0A457BE91F0340D9003FD0E2 /* SIXHttpRequest.m in Sources */ = {isa = PBXBuildFile; fileRef = 0A457BE81F0340D9003FD0E2 /* SIXHttpRequest.m */; };
		0A457BF01F034836003FD0E2 /* UIView+Addition.m in Sources */ = {isa = PBXBuildFile; fileRef = 0A457BEF1F034836003FD0E2 /* UIView+Addition.m */; };
		0A457BFC1F0350FA003FD0E2 /* SIXUser.m in Sources */ = {isa = PBXBuildFile; fileRef = 0A457BFB1F0350FA003FD0E2 /* SIXUser.m */; };
		0A457BFF1F0379DF003FD0E2 /* NSString+Addition.m in Sources */ = {isa = PBXBuildFile; fileRef = 0A457BFE1F0379DF003FD0E2 /* NSString+Addition.m */; };
		0A457C031F038952003FD0E2 /* SIXTitleListView.m in Sources */ = {isa = PBXBuildFile; fileRef = 0A457C021F038952003FD0E2 /* SIXTitleListView.m */; };
		0A457C1B1F039991003FD0E2 /* SIXCommonListModel.m in Sources */ = {isa = PBXBuildFile; fileRef = 0A457C151F039991003FD0E2 /* SIXCommonListModel.m */; };
		0A457C1C1F039991003FD0E2 /* SIXCommonListViewController.m in Sources */ = {isa = PBXBuildFile; fileRef = 0A457C171F039991003FD0E2 /* SIXCommonListViewController.m */; };
		0A457C1D1F039991003FD0E2 /* SIXListCollectionViewCell.m in Sources */ = {isa = PBXBuildFile; fileRef = 0A457C1A1F039991003FD0E2 /* SIXListCollectionViewCell.m */; };
		0A457C231F039A81003FD0E2 /* SIXHotTopicListViewController.m in Sources */ = {isa = PBXBuildFile; fileRef = 0A457C221F039A81003FD0E2 /* SIXHotTopicListViewController.m */; };
		0A457C261F039C4A003FD0E2 /* SIXEvent.m in Sources */ = {isa = PBXBuildFile; fileRef = 0A457C251F039C4A003FD0E2 /* SIXEvent.m */; };
		0A457C291F03A59D003FD0E2 /* SIXHotListModel.m in Sources */ = {isa = PBXBuildFile; fileRef = 0A457C281F03A59D003FD0E2 /* SIXHotListModel.m */; };
		0A457C2C1F03AB28003FD0E2 /* SIXBannerCollectionViewCell.m in Sources */ = {isa = PBXBuildFile; fileRef = 0A457C2B1F03AB28003FD0E2 /* SIXBannerCollectionViewCell.m */; };
		0A457C2F1F03AB51003FD0E2 /* SIXRecCollectionViewCell.m in Sources */ = {isa = PBXBuildFile; fileRef = 0A457C2E1F03AB51003FD0E2 /* SIXRecCollectionViewCell.m */; };
		0A46BE921F04955400E12CD6 /* SIXCollectionSupplementaryView.m in Sources */ = {isa = PBXBuildFile; fileRef = 0A46BE911F04955400E12CD6 /* SIXCollectionSupplementaryView.m */; };
		0A46BE981F04982600E12CD6 /* SIXRecomendSupplementaryView.m in Sources */ = {isa = PBXBuildFile; fileRef = 0A46BE971F04982600E12CD6 /* SIXRecomendSupplementaryView.m */; };
		0A46BEE01F04AC1000E12CD6 /* SIXRecomendView.m in Sources */ = {isa = PBXBuildFile; fileRef = 0A46BEDF1F04AC1000E12CD6 /* SIXRecomendView.m */; };
		0A46BEE91F04ADF700E12CD6 /* SIXLocalListViewController.m in Sources */ = {isa = PBXBuildFile; fileRef = 0A46BEE81F04ADF700E12CD6 /* SIXLocalListViewController.m */; };
		0A46BEEC1F04AE1C00E12CD6 /* SIXLocalListModel.m in Sources */ = {isa = PBXBuildFile; fileRef = 0A46BEEB1F04AE1C00E12CD6 /* SIXLocalListModel.m */; };
		0A46BEEF1F04AFC700E12CD6 /* SIXLocalContent.m in Sources */ = {isa = PBXBuildFile; fileRef = 0A46BEEE1F04AFC700E12CD6 /* SIXLocalContent.m */; };
		0A46BEF21F04BBAF00E12CD6 /* SIXBlankSupplementaryView.m in Sources */ = {isa = PBXBuildFile; fileRef = 0A46BEF11F04BBAF00E12CD6 /* SIXBlankSupplementaryView.m */; };
		0A46BEF51F04D26900E12CD6 /* SIXLocalSelectView.m in Sources */ = {isa = PBXBuildFile; fileRef = 0A46BEF41F04D26900E12CD6 /* SIXLocalSelectView.m */; };
		0A46BF021F04E67700E12CD6 /* SIXProvinceListViewController.m in Sources */ = {isa = PBXBuildFile; fileRef = 0A46BF011F04E67700E12CD6 /* SIXProvinceListViewController.m */; };
		0A46BF051F04F25100E12CD6 /* SIXProvinceCell.m in Sources */ = {isa = PBXBuildFile; fileRef = 0A46BF041F04F25100E12CD6 /* SIXProvinceCell.m */; };
		0A46BF081F04FFED00E12CD6 /* SIXSoundViewController.m in Sources */ = {isa = PBXBuildFile; fileRef = 0A46BF071F04FFED00E12CD6 /* SIXSoundViewController.m */; };
		0A46BF0B1F05006700E12CD6 /* SIXCollectionViewCell.m in Sources */ = {isa = PBXBuildFile; fileRef = 0A46BF0A1F05006700E12CD6 /* SIXCollectionViewCell.m */; };
		0A46BF0E1F05013400E12CD6 /* SIXSoundHeaderSupplementaryView.m in Sources */ = {isa = PBXBuildFile; fileRef = 0A46BF0D1F05013400E12CD6 /* SIXSoundHeaderSupplementaryView.m */; };
		0A46BF101F05059800E12CD6 /* lobby_live_sound_btn_kind.plist in Resources */ = {isa = PBXBuildFile; fileRef = 0A46BF0F1F05059800E12CD6 /* lobby_live_sound_btn_kind.plist */; };
		0A56D13D1F09DABE0032CB9D /* lobby_live_select_level.plist in Resources */ = {isa = PBXBuildFile; fileRef = 0A56D13C1F09DABE0032CB9D /* lobby_live_select_level.plist */; };
		0A56D1441F09DF670032CB9D /* SIXSelectTypeTransition.m in Sources */ = {isa = PBXBuildFile; fileRef = 0A56D1431F09DF670032CB9D /* SIXSelectTypeTransition.m */; };
		0A56D1471F09DFA80032CB9D /* SIXSelectTypePresentationController.m in Sources */ = {isa = PBXBuildFile; fileRef = 0A56D1461F09DFA80032CB9D /* SIXSelectTypePresentationController.m */; };
		0A56D14A1F09E6590032CB9D /* SIXSelectTypeTransitionAnimation.m in Sources */ = {isa = PBXBuildFile; fileRef = 0A56D1491F09E6590032CB9D /* SIXSelectTypeTransitionAnimation.m */; };
		0A68BE651F024FF50094141A /* UIColor+Addition.m in Sources */ = {isa = PBXBuildFile; fileRef = 0A68BE641F024FF50094141A /* UIColor+Addition.m */; };
		0A68BE911F0258860094141A /* SIXNavigationBar.m in Sources */ = {isa = PBXBuildFile; fileRef = 0A68BE901F0258860094141A /* SIXNavigationBar.m */; };
		0A68BE941F0260410094141A /* SIXViewController.m in Sources */ = {isa = PBXBuildFile; fileRef = 0A68BE931F0260410094141A /* SIXViewController.m */; };
		0A68BE9B1F0267410094141A /* SIXHomeViewController.m in Sources */ = {isa = PBXBuildFile; fileRef = 0A68BE9A1F0267410094141A /* SIXHomeViewController.m */; };
		0A68BEA31F026E0D0094141A /* SIXCollectionViewListLayout.m in Sources */ = {isa = PBXBuildFile; fileRef = 0A68BEA21F026E0D0094141A /* SIXCollectionViewListLayout.m */; };
		0A91E6691F0242B1003A0CE0 /* main.m in Sources */ = {isa = PBXBuildFile; fileRef = 0A91E6681F0242B1003A0CE0 /* main.m */; };
		0A91E6741F0242B1003A0CE0 /* Assets.xcassets in Resources */ = {isa = PBXBuildFile; fileRef = 0A91E6731F0242B1003A0CE0 /* Assets.xcassets */; };
		0A91E6771F0242B1003A0CE0 /* LaunchScreen.storyboard in Resources */ = {isa = PBXBuildFile; fileRef = 0A91E6751F0242B1003A0CE0 /* LaunchScreen.storyboard */; };
		0A91E6821F0242B1003A0CE0 /* sixLiveTests.m in Sources */ = {isa = PBXBuildFile; fileRef = 0A91E6811F0242B1003A0CE0 /* sixLiveTests.m */; };
		0A91E68D1F0242B1003A0CE0 /* sixLiveUITests.m in Sources */ = {isa = PBXBuildFile; fileRef = 0A91E68C1F0242B1003A0CE0 /* sixLiveUITests.m */; };
		0A91E69D1F02455F003A0CE0 /* AppDelegate.m in Sources */ = {isa = PBXBuildFile; fileRef = 0A91E69C1F02455F003A0CE0 /* AppDelegate.m */; };
		0A91E6AF1F024970003A0CE0 /* SIXMainViewController.m in Sources */ = {isa = PBXBuildFile; fileRef = 0A91E6AE1F024970003A0CE0 /* SIXMainViewController.m */; };
		0A91E6B41F0249C1003A0CE0 /* SIXBaseViewController.m in Sources */ = {isa = PBXBuildFile; fileRef = 0A91E6B31F0249C1003A0CE0 /* SIXBaseViewController.m */; };
		0A91E6B71F0249D8003A0CE0 /* SIXNavigationController.m in Sources */ = {isa = PBXBuildFile; fileRef = 0A91E6B61F0249D8003A0CE0 /* SIXNavigationController.m */; };
		0E9B5CB2C23C2CB1F95559A3 /* libPods-sixLiveUITests.a in Frameworks */ = {isa = PBXBuildFile; fileRef = 0DA42BC4B3DD35F4F4B84A4F /* libPods-sixLiveUITests.a */; };
		6FA7D6F86ACB6A78561589A8 /* libPods-sixLiveTests.a in Frameworks */ = {isa = PBXBuildFile; fileRef = 58DA94F8861E257E332F177E /* libPods-sixLiveTests.a */; };
/* End PBXBuildFile section */

/* Begin PBXContainerItemProxy section */
		0A91E67E1F0242B1003A0CE0 /* PBXContainerItemProxy */ = {
			isa = PBXContainerItemProxy;
			containerPortal = 0A91E65C1F0242B1003A0CE0 /* Project object */;
			proxyType = 1;
			remoteGlobalIDString = 0A91E6631F0242B1003A0CE0;
			remoteInfo = sixLive;
		};
		0A91E6891F0242B1003A0CE0 /* PBXContainerItemProxy */ = {
			isa = PBXContainerItemProxy;
			containerPortal = 0A91E65C1F0242B1003A0CE0 /* Project object */;
			proxyType = 1;
			remoteGlobalIDString = 0A91E6631F0242B1003A0CE0;
			remoteInfo = sixLive;
		};
/* End PBXContainerItemProxy section */

/* Begin PBXFileReference section */
		03AA5A9E32D8FF2CE233CD6E /* libPods-sixLive.a */ = {isa = PBXFileReference; explicitFileType = archive.ar; includeInIndex = 0; path = "libPods-sixLive.a"; sourceTree = BUILT_PRODUCTS_DIR; };
		0454E8E7247575BB69F73079 /* Pods-sixLiveUITests.release.xcconfig */ = {isa = PBXFileReference; includeInIndex = 1; lastKnownFileType = text.xcconfig; name = "Pods-sixLiveUITests.release.xcconfig"; path = "Pods/Target Support Files/Pods-sixLiveUITests/Pods-sixLiveUITests.release.xcconfig"; sourceTree = "<group>"; };
		0A2776681F0645EB00010A80 /* SIXSelectTypeViewController.h */ = {isa = PBXFileReference; fileEncoding = 4; lastKnownFileType = sourcecode.c.h; path = SIXSelectTypeViewController.h; sourceTree = "<group>"; };
		0A2776691F0645EB00010A80 /* SIXSelectTypeViewController.m */ = {isa = PBXFileReference; fileEncoding = 4; lastKnownFileType = sourcecode.c.objc; path = SIXSelectTypeViewController.m; sourceTree = "<group>"; };
		0A27766C1F0646A400010A80 /* SIXSelectTypeLayout.h */ = {isa = PBXFileReference; fileEncoding = 4; lastKnownFileType = sourcecode.c.h; path = SIXSelectTypeLayout.h; sourceTree = "<group>"; };
		0A27766D1F0646A400010A80 /* SIXSelectTypeLayout.m */ = {isa = PBXFileReference; fileEncoding = 4; lastKnownFileType = sourcecode.c.objc; path = SIXSelectTypeLayout.m; sourceTree = "<group>"; };
		0A27766F1F06474300010A80 /* SIXSelectTypeCollectionViewCell.h */ = {isa = PBXFileReference; fileEncoding = 4; lastKnownFileType = sourcecode.c.h; path = SIXSelectTypeCollectionViewCell.h; sourceTree = "<group>"; };
		0A2776701F06474300010A80 /* SIXSelectTypeCollectionViewCell.m */ = {isa = PBXFileReference; fileEncoding = 4; lastKnownFileType = sourcecode.c.objc; path = SIXSelectTypeCollectionViewCell.m; sourceTree = "<group>"; };
		0A2776721F064C4E00010A80 /* SIXSelectTypeModel.h */ = {isa = PBXFileReference; fileEncoding = 4; lastKnownFileType = sourcecode.c.h; path = SIXSelectTypeModel.h; sourceTree = "<group>"; };
		0A2776731F064C4E00010A80 /* SIXSelectTypeModel.m */ = {isa = PBXFileReference; fileEncoding = 4; lastKnownFileType = sourcecode.c.objc; path = SIXSelectTypeModel.m; sourceTree = "<group>"; };
		0A2776751F0650A900010A80 /* SIXSelectTypeBtnModel.h */ = {isa = PBXFileReference; fileEncoding = 4; lastKnownFileType = sourcecode.c.h; path = SIXSelectTypeBtnModel.h; sourceTree = "<group>"; };
		0A2776761F0650A900010A80 /* SIXSelectTypeBtnModel.m */ = {isa = PBXFileReference; fileEncoding = 4; lastKnownFileType = sourcecode.c.objc; path = SIXSelectTypeBtnModel.m; sourceTree = "<group>"; };
		0A2776781F06512B00010A80 /* lobby_live_select_type.plist */ = {isa = PBXFileReference; fileEncoding = 4; lastKnownFileType = text.plist.xml; path = lobby_live_select_type.plist; sourceTree = "<group>"; };
		0A27767A1F06639700010A80 /* SIXSelecTypeSupplementaryView.h */ = {isa = PBXFileReference; fileEncoding = 4; lastKnownFileType = sourcecode.c.h; path = SIXSelecTypeSupplementaryView.h; sourceTree = "<group>"; };
		0A27767B1F06639700010A80 /* SIXSelecTypeSupplementaryView.m */ = {isa = PBXFileReference; fileEncoding = 4; lastKnownFileType = sourcecode.c.objc; path = SIXSelecTypeSupplementaryView.m; sourceTree = "<group>"; };
		0A457BE31F033E96003FD0E2 /* SIXCollectionView.h */ = {isa = PBXFileReference; fileEncoding = 4; lastKnownFileType = sourcecode.c.h; path = SIXCollectionView.h; sourceTree = "<group>"; };
		0A457BE41F033E96003FD0E2 /* SIXCollectionView.m */ = {isa = PBXFileReference; fileEncoding = 4; lastKnownFileType = sourcecode.c.objc; path = SIXCollectionView.m; sourceTree = "<group>"; };
		0A457BE71F0340D9003FD0E2 /* SIXHttpRequest.h */ = {isa = PBXFileReference; fileEncoding = 4; lastKnownFileType = sourcecode.c.h; path = SIXHttpRequest.h; sourceTree = "<group>"; };
		0A457BE81F0340D9003FD0E2 /* SIXHttpRequest.m */ = {isa = PBXFileReference; fileEncoding = 4; lastKnownFileType = sourcecode.c.objc; path = SIXHttpRequest.m; sourceTree = "<group>"; };
		0A457BEE1F034836003FD0E2 /* UIView+Addition.h */ = {isa = PBXFileReference; fileEncoding = 4; lastKnownFileType = sourcecode.c.h; path = "UIView+Addition.h"; sourceTree = "<group>"; };
		0A457BEF1F034836003FD0E2 /* UIView+Addition.m */ = {isa = PBXFileReference; fileEncoding = 4; lastKnownFileType = sourcecode.c.objc; path = "UIView+Addition.m"; sourceTree = "<group>"; };
		0A457BFA1F0350FA003FD0E2 /* SIXUser.h */ = {isa = PBXFileReference; fileEncoding = 4; lastKnownFileType = sourcecode.c.h; path = SIXUser.h; sourceTree = "<group>"; };
		0A457BFB1F0350FA003FD0E2 /* SIXUser.m */ = {isa = PBXFileReference; fileEncoding = 4; lastKnownFileType = sourcecode.c.objc; path = SIXUser.m; sourceTree = "<group>"; };
		0A457BFD1F0379DF003FD0E2 /* NSString+Addition.h */ = {isa = PBXFileReference; fileEncoding = 4; lastKnownFileType = sourcecode.c.h; path = "NSString+Addition.h"; sourceTree = "<group>"; };
		0A457BFE1F0379DF003FD0E2 /* NSString+Addition.m */ = {isa = PBXFileReference; fileEncoding = 4; lastKnownFileType = sourcecode.c.objc; path = "NSString+Addition.m"; sourceTree = "<group>"; };
		0A457C011F038952003FD0E2 /* SIXTitleListView.h */ = {isa = PBXFileReference; fileEncoding = 4; lastKnownFileType = sourcecode.c.h; path = SIXTitleListView.h; sourceTree = "<group>"; };
		0A457C021F038952003FD0E2 /* SIXTitleListView.m */ = {isa = PBXFileReference; fileEncoding = 4; lastKnownFileType = sourcecode.c.objc; path = SIXTitleListView.m; sourceTree = "<group>"; };
		0A457C141F039991003FD0E2 /* SIXCommonListModel.h */ = {isa = PBXFileReference; fileEncoding = 4; lastKnownFileType = sourcecode.c.h; path = SIXCommonListModel.h; sourceTree = "<group>"; };
		0A457C151F039991003FD0E2 /* SIXCommonListModel.m */ = {isa = PBXFileReference; fileEncoding = 4; lastKnownFileType = sourcecode.c.objc; path = SIXCommonListModel.m; sourceTree = "<group>"; };
		0A457C161F039991003FD0E2 /* SIXCommonListViewController.h */ = {isa = PBXFileReference; fileEncoding = 4; lastKnownFileType = sourcecode.c.h; path = SIXCommonListViewController.h; sourceTree = "<group>"; };
		0A457C171F039991003FD0E2 /* SIXCommonListViewController.m */ = {isa = PBXFileReference; fileEncoding = 4; lastKnownFileType = sourcecode.c.objc; path = SIXCommonListViewController.m; sourceTree = "<group>"; };
		0A457C191F039991003FD0E2 /* SIXListCollectionViewCell.h */ = {isa = PBXFileReference; fileEncoding = 4; lastKnownFileType = sourcecode.c.h; path = SIXListCollectionViewCell.h; sourceTree = "<group>"; };
		0A457C1A1F039991003FD0E2 /* SIXListCollectionViewCell.m */ = {isa = PBXFileReference; fileEncoding = 4; lastKnownFileType = sourcecode.c.objc; path = SIXListCollectionViewCell.m; sourceTree = "<group>"; };
		0A457C211F039A81003FD0E2 /* SIXHotTopicListViewController.h */ = {isa = PBXFileReference; fileEncoding = 4; lastKnownFileType = sourcecode.c.h; path = SIXHotTopicListViewController.h; sourceTree = "<group>"; };
		0A457C221F039A81003FD0E2 /* SIXHotTopicListViewController.m */ = {isa = PBXFileReference; fileEncoding = 4; lastKnownFileType = sourcecode.c.objc; path = SIXHotTopicListViewController.m; sourceTree = "<group>"; };
		0A457C241F039C4A003FD0E2 /* SIXEvent.h */ = {isa = PBXFileReference; fileEncoding = 4; lastKnownFileType = sourcecode.c.h; path = SIXEvent.h; sourceTree = "<group>"; };
		0A457C251F039C4A003FD0E2 /* SIXEvent.m */ = {isa = PBXFileReference; fileEncoding = 4; lastKnownFileType = sourcecode.c.objc; path = SIXEvent.m; sourceTree = "<group>"; };
		0A457C271F03A59D003FD0E2 /* SIXHotListModel.h */ = {isa = PBXFileReference; fileEncoding = 4; lastKnownFileType = sourcecode.c.h; path = SIXHotListModel.h; sourceTree = "<group>"; };
		0A457C281F03A59D003FD0E2 /* SIXHotListModel.m */ = {isa = PBXFileReference; fileEncoding = 4; lastKnownFileType = sourcecode.c.objc; path = SIXHotListModel.m; sourceTree = "<group>"; };
		0A457C2A1F03AB28003FD0E2 /* SIXBannerCollectionViewCell.h */ = {isa = PBXFileReference; fileEncoding = 4; lastKnownFileType = sourcecode.c.h; path = SIXBannerCollectionViewCell.h; sourceTree = "<group>"; };
		0A457C2B1F03AB28003FD0E2 /* SIXBannerCollectionViewCell.m */ = {isa = PBXFileReference; fileEncoding = 4; lastKnownFileType = sourcecode.c.objc; path = SIXBannerCollectionViewCell.m; sourceTree = "<group>"; };
		0A457C2D1F03AB51003FD0E2 /* SIXRecCollectionViewCell.h */ = {isa = PBXFileReference; fileEncoding = 4; lastKnownFileType = sourcecode.c.h; path = SIXRecCollectionViewCell.h; sourceTree = "<group>"; };
		0A457C2E1F03AB51003FD0E2 /* SIXRecCollectionViewCell.m */ = {isa = PBXFileReference; fileEncoding = 4; lastKnownFileType = sourcecode.c.objc; path = SIXRecCollectionViewCell.m; sourceTree = "<group>"; };
		0A46BE901F04955400E12CD6 /* SIXCollectionSupplementaryView.h */ = {isa = PBXFileReference; fileEncoding = 4; lastKnownFileType = sourcecode.c.h; path = SIXCollectionSupplementaryView.h; sourceTree = "<group>"; };
		0A46BE911F04955400E12CD6 /* SIXCollectionSupplementaryView.m */ = {isa = PBXFileReference; fileEncoding = 4; lastKnownFileType = sourcecode.c.objc; path = SIXCollectionSupplementaryView.m; sourceTree = "<group>"; };
		0A46BE961F04982600E12CD6 /* SIXRecomendSupplementaryView.h */ = {isa = PBXFileReference; fileEncoding = 4; lastKnownFileType = sourcecode.c.h; path = SIXRecomendSupplementaryView.h; sourceTree = "<group>"; };
		0A46BE971F04982600E12CD6 /* SIXRecomendSupplementaryView.m */ = {isa = PBXFileReference; fileEncoding = 4; lastKnownFileType = sourcecode.c.objc; path = SIXRecomendSupplementaryView.m; sourceTree = "<group>"; };
		0A46BEDE1F04AC1000E12CD6 /* SIXRecomendView.h */ = {isa = PBXFileReference; fileEncoding = 4; lastKnownFileType = sourcecode.c.h; path = SIXRecomendView.h; sourceTree = "<group>"; };
		0A46BEDF1F04AC1000E12CD6 /* SIXRecomendView.m */ = {isa = PBXFileReference; fileEncoding = 4; lastKnownFileType = sourcecode.c.objc; path = SIXRecomendView.m; sourceTree = "<group>"; };
		0A46BEE71F04ADF700E12CD6 /* SIXLocalListViewController.h */ = {isa = PBXFileReference; fileEncoding = 4; lastKnownFileType = sourcecode.c.h; path = SIXLocalListViewController.h; sourceTree = "<group>"; };
		0A46BEE81F04ADF700E12CD6 /* SIXLocalListViewController.m */ = {isa = PBXFileReference; fileEncoding = 4; lastKnownFileType = sourcecode.c.objc; path = SIXLocalListViewController.m; sourceTree = "<group>"; };
		0A46BEEA1F04AE1C00E12CD6 /* SIXLocalListModel.h */ = {isa = PBXFileReference; fileEncoding = 4; lastKnownFileType = sourcecode.c.h; path = SIXLocalListModel.h; sourceTree = "<group>"; };
		0A46BEEB1F04AE1C00E12CD6 /* SIXLocalListModel.m */ = {isa = PBXFileReference; fileEncoding = 4; lastKnownFileType = sourcecode.c.objc; path = SIXLocalListModel.m; sourceTree = "<group>"; };
		0A46BEED1F04AFC700E12CD6 /* SIXLocalContent.h */ = {isa = PBXFileReference; fileEncoding = 4; lastKnownFileType = sourcecode.c.h; path = SIXLocalContent.h; sourceTree = "<group>"; };
		0A46BEEE1F04AFC700E12CD6 /* SIXLocalContent.m */ = {isa = PBXFileReference; fileEncoding = 4; lastKnownFileType = sourcecode.c.objc; path = SIXLocalContent.m; sourceTree = "<group>"; };
		0A46BEF01F04BBAF00E12CD6 /* SIXBlankSupplementaryView.h */ = {isa = PBXFileReference; fileEncoding = 4; lastKnownFileType = sourcecode.c.h; path = SIXBlankSupplementaryView.h; sourceTree = "<group>"; };
		0A46BEF11F04BBAF00E12CD6 /* SIXBlankSupplementaryView.m */ = {isa = PBXFileReference; fileEncoding = 4; lastKnownFileType = sourcecode.c.objc; path = SIXBlankSupplementaryView.m; sourceTree = "<group>"; };
		0A46BEF31F04D26900E12CD6 /* SIXLocalSelectView.h */ = {isa = PBXFileReference; fileEncoding = 4; lastKnownFileType = sourcecode.c.h; path = SIXLocalSelectView.h; sourceTree = "<group>"; };
		0A46BEF41F04D26900E12CD6 /* SIXLocalSelectView.m */ = {isa = PBXFileReference; fileEncoding = 4; lastKnownFileType = sourcecode.c.objc; path = SIXLocalSelectView.m; sourceTree = "<group>"; };
		0A46BF001F04E67700E12CD6 /* SIXProvinceListViewController.h */ = {isa = PBXFileReference; fileEncoding = 4; lastKnownFileType = sourcecode.c.h; path = SIXProvinceListViewController.h; sourceTree = "<group>"; };
		0A46BF011F04E67700E12CD6 /* SIXProvinceListViewController.m */ = {isa = PBXFileReference; fileEncoding = 4; lastKnownFileType = sourcecode.c.objc; path = SIXProvinceListViewController.m; sourceTree = "<group>"; };
		0A46BF031F04F25100E12CD6 /* SIXProvinceCell.h */ = {isa = PBXFileReference; fileEncoding = 4; lastKnownFileType = sourcecode.c.h; path = SIXProvinceCell.h; sourceTree = "<group>"; };
		0A46BF041F04F25100E12CD6 /* SIXProvinceCell.m */ = {isa = PBXFileReference; fileEncoding = 4; lastKnownFileType = sourcecode.c.objc; path = SIXProvinceCell.m; sourceTree = "<group>"; };
		0A46BF061F04FFED00E12CD6 /* SIXSoundViewController.h */ = {isa = PBXFileReference; fileEncoding = 4; lastKnownFileType = sourcecode.c.h; path = SIXSoundViewController.h; sourceTree = "<group>"; };
		0A46BF071F04FFED00E12CD6 /* SIXSoundViewController.m */ = {isa = PBXFileReference; fileEncoding = 4; lastKnownFileType = sourcecode.c.objc; path = SIXSoundViewController.m; sourceTree = "<group>"; };
		0A46BF091F05006700E12CD6 /* SIXCollectionViewCell.h */ = {isa = PBXFileReference; fileEncoding = 4; lastKnownFileType = sourcecode.c.h; path = SIXCollectionViewCell.h; sourceTree = "<group>"; };
		0A46BF0A1F05006700E12CD6 /* SIXCollectionViewCell.m */ = {isa = PBXFileReference; fileEncoding = 4; lastKnownFileType = sourcecode.c.objc; path = SIXCollectionViewCell.m; sourceTree = "<group>"; };
		0A46BF0C1F05013400E12CD6 /* SIXSoundHeaderSupplementaryView.h */ = {isa = PBXFileReference; fileEncoding = 4; lastKnownFileType = sourcecode.c.h; path = SIXSoundHeaderSupplementaryView.h; sourceTree = "<group>"; };
		0A46BF0D1F05013400E12CD6 /* SIXSoundHeaderSupplementaryView.m */ = {isa = PBXFileReference; fileEncoding = 4; lastKnownFileType = sourcecode.c.objc; path = SIXSoundHeaderSupplementaryView.m; sourceTree = "<group>"; };
		0A46BF0F1F05059800E12CD6 /* lobby_live_sound_btn_kind.plist */ = {isa = PBXFileReference; fileEncoding = 4; lastKnownFileType = text.plist.xml; path = lobby_live_sound_btn_kind.plist; sourceTree = "<group>"; };
		0A56D13C1F09DABE0032CB9D /* lobby_live_select_level.plist */ = {isa = PBXFileReference; fileEncoding = 4; lastKnownFileType = text.plist.xml; path = lobby_live_select_level.plist; sourceTree = "<group>"; };
		0A56D1421F09DF670032CB9D /* SIXSelectTypeTransition.h */ = {isa = PBXFileReference; fileEncoding = 4; lastKnownFileType = sourcecode.c.h; path = SIXSelectTypeTransition.h; sourceTree = "<group>"; };
		0A56D1431F09DF670032CB9D /* SIXSelectTypeTransition.m */ = {isa = PBXFileReference; fileEncoding = 4; lastKnownFileType = sourcecode.c.objc; path = SIXSelectTypeTransition.m; sourceTree = "<group>"; };
		0A56D1451F09DFA80032CB9D /* SIXSelectTypePresentationController.h */ = {isa = PBXFileReference; fileEncoding = 4; lastKnownFileType = sourcecode.c.h; path = SIXSelectTypePresentationController.h; sourceTree = "<group>"; };
		0A56D1461F09DFA80032CB9D /* SIXSelectTypePresentationController.m */ = {isa = PBXFileReference; fileEncoding = 4; lastKnownFileType = sourcecode.c.objc; path = SIXSelectTypePresentationController.m; sourceTree = "<group>"; };
		0A56D1481F09E6590032CB9D /* SIXSelectTypeTransitionAnimation.h */ = {isa = PBXFileReference; fileEncoding = 4; lastKnownFileType = sourcecode.c.h; path = SIXSelectTypeTransitionAnimation.h; sourceTree = "<group>"; };
		0A56D1491F09E6590032CB9D /* SIXSelectTypeTransitionAnimation.m */ = {isa = PBXFileReference; fileEncoding = 4; lastKnownFileType = sourcecode.c.objc; path = SIXSelectTypeTransitionAnimation.m; sourceTree = "<group>"; };
		0A68BE631F024FF50094141A /* UIColor+Addition.h */ = {isa = PBXFileReference; fileEncoding = 4; lastKnownFileType = sourcecode.c.h; path = "UIColor+Addition.h"; sourceTree = "<group>"; };
		0A68BE641F024FF50094141A /* UIColor+Addition.m */ = {isa = PBXFileReference; fileEncoding = 4; lastKnownFileType = sourcecode.c.objc; path = "UIColor+Addition.m"; sourceTree = "<group>"; };
		0A68BE8C1F0254ED0094141A /* SIXGlobalMacro.h */ = {isa = PBXFileReference; lastKnownFileType = sourcecode.c.h; path = SIXGlobalMacro.h; sourceTree = "<group>"; };
		0A68BE8D1F0255E50094141A /* SIXColorMacro.h */ = {isa = PBXFileReference; lastKnownFileType = sourcecode.c.h; path = SIXColorMacro.h; sourceTree = "<group>"; };
		0A68BE8F1F0258860094141A /* SIXNavigationBar.h */ = {isa = PBXFileReference; fileEncoding = 4; lastKnownFileType = sourcecode.c.h; path = SIXNavigationBar.h; sourceTree = "<group>"; };
		0A68BE901F0258860094141A /* SIXNavigationBar.m */ = {isa = PBXFileReference; fileEncoding = 4; lastKnownFileType = sourcecode.c.objc; path = SIXNavigationBar.m; sourceTree = "<group>"; };
		0A68BE921F0260410094141A /* SIXViewController.h */ = {isa = PBXFileReference; fileEncoding = 4; lastKnownFileType = sourcecode.c.h; path = SIXViewController.h; sourceTree = "<group>"; };
		0A68BE931F0260410094141A /* SIXViewController.m */ = {isa = PBXFileReference; fileEncoding = 4; lastKnownFileType = sourcecode.c.objc; path = SIXViewController.m; sourceTree = "<group>"; };
		0A68BE991F0267410094141A /* SIXHomeViewController.h */ = {isa = PBXFileReference; fileEncoding = 4; lastKnownFileType = sourcecode.c.h; path = SIXHomeViewController.h; sourceTree = "<group>"; };
		0A68BE9A1F0267410094141A /* SIXHomeViewController.m */ = {isa = PBXFileReference; fileEncoding = 4; lastKnownFileType = sourcecode.c.objc; path = SIXHomeViewController.m; sourceTree = "<group>"; };
		0A68BEA11F026E0D0094141A /* SIXCollectionViewListLayout.h */ = {isa = PBXFileReference; fileEncoding = 4; lastKnownFileType = sourcecode.c.h; path = SIXCollectionViewListLayout.h; sourceTree = "<group>"; };
		0A68BEA21F026E0D0094141A /* SIXCollectionViewListLayout.m */ = {isa = PBXFileReference; fileEncoding = 4; lastKnownFileType = sourcecode.c.objc; path = SIXCollectionViewListLayout.m; sourceTree = "<group>"; };
		0A91E6641F0242B1003A0CE0 /* sixLive.app */ = {isa = PBXFileReference; explicitFileType = wrapper.application; includeInIndex = 0; path = sixLive.app; sourceTree = BUILT_PRODUCTS_DIR; };
		0A91E6681F0242B1003A0CE0 /* main.m */ = {isa = PBXFileReference; lastKnownFileType = sourcecode.c.objc; path = main.m; sourceTree = "<group>"; };
		0A91E6731F0242B1003A0CE0 /* Assets.xcassets */ = {isa = PBXFileReference; lastKnownFileType = folder.assetcatalog; path = Assets.xcassets; sourceTree = "<group>"; };
		0A91E6761F0242B1003A0CE0 /* Base */ = {isa = PBXFileReference; lastKnownFileType = file.storyboard; name = Base; path = Base.lproj/LaunchScreen.storyboard; sourceTree = "<group>"; };
		0A91E6781F0242B1003A0CE0 /* Info.plist */ = {isa = PBXFileReference; lastKnownFileType = text.plist.xml; path = Info.plist; sourceTree = "<group>"; };
		0A91E67D1F0242B1003A0CE0 /* sixLiveTests.xctest */ = {isa = PBXFileReference; explicitFileType = wrapper.cfbundle; includeInIndex = 0; path = sixLiveTests.xctest; sourceTree = BUILT_PRODUCTS_DIR; };
		0A91E6811F0242B1003A0CE0 /* sixLiveTests.m */ = {isa = PBXFileReference; lastKnownFileType = sourcecode.c.objc; path = sixLiveTests.m; sourceTree = "<group>"; };
		0A91E6831F0242B1003A0CE0 /* Info.plist */ = {isa = PBXFileReference; lastKnownFileType = text.plist.xml; path = Info.plist; sourceTree = "<group>"; };
		0A91E6881F0242B1003A0CE0 /* sixLiveUITests.xctest */ = {isa = PBXFileReference; explicitFileType = wrapper.cfbundle; includeInIndex = 0; path = sixLiveUITests.xctest; sourceTree = BUILT_PRODUCTS_DIR; };
		0A91E68C1F0242B1003A0CE0 /* sixLiveUITests.m */ = {isa = PBXFileReference; lastKnownFileType = sourcecode.c.objc; path = sixLiveUITests.m; sourceTree = "<group>"; };
		0A91E68E1F0242B1003A0CE0 /* Info.plist */ = {isa = PBXFileReference; lastKnownFileType = text.plist.xml; path = Info.plist; sourceTree = "<group>"; };
		0A91E69B1F02455F003A0CE0 /* AppDelegate.h */ = {isa = PBXFileReference; fileEncoding = 4; lastKnownFileType = sourcecode.c.h; path = AppDelegate.h; sourceTree = "<group>"; };
		0A91E69C1F02455F003A0CE0 /* AppDelegate.m */ = {isa = PBXFileReference; fileEncoding = 4; lastKnownFileType = sourcecode.c.objc; path = AppDelegate.m; sourceTree = "<group>"; };
		0A91E6AD1F024970003A0CE0 /* SIXMainViewController.h */ = {isa = PBXFileReference; fileEncoding = 4; lastKnownFileType = sourcecode.c.h; path = SIXMainViewController.h; sourceTree = "<group>"; };
		0A91E6AE1F024970003A0CE0 /* SIXMainViewController.m */ = {isa = PBXFileReference; fileEncoding = 4; lastKnownFileType = sourcecode.c.objc; path = SIXMainViewController.m; sourceTree = "<group>"; };
		0A91E6B21F0249C1003A0CE0 /* SIXBaseViewController.h */ = {isa = PBXFileReference; fileEncoding = 4; lastKnownFileType = sourcecode.c.h; path = SIXBaseViewController.h; sourceTree = "<group>"; };
		0A91E6B31F0249C1003A0CE0 /* SIXBaseViewController.m */ = {isa = PBXFileReference; fileEncoding = 4; lastKnownFileType = sourcecode.c.objc; path = SIXBaseViewController.m; sourceTree = "<group>"; };
		0A91E6B51F0249D8003A0CE0 /* SIXNavigationController.h */ = {isa = PBXFileReference; fileEncoding = 4; lastKnownFileType = sourcecode.c.h; path = SIXNavigationController.h; sourceTree = "<group>"; };
		0A91E6B61F0249D8003A0CE0 /* SIXNavigationController.m */ = {isa = PBXFileReference; fileEncoding = 4; lastKnownFileType = sourcecode.c.objc; path = SIXNavigationController.m; sourceTree = "<group>"; };
		0A91E6B81F024A69003A0CE0 /* sixLive-Prefix.pch */ = {isa = PBXFileReference; lastKnownFileType = sourcecode.c.h; path = "sixLive-Prefix.pch"; sourceTree = "<group>"; };
		0A91E6B91F024AD1003A0CE0 /* SixLive.h */ = {isa = PBXFileReference; lastKnownFileType = sourcecode.c.h; path = SixLive.h; sourceTree = "<group>"; };
		0DA42BC4B3DD35F4F4B84A4F /* libPods-sixLiveUITests.a */ = {isa = PBXFileReference; explicitFileType = archive.ar; includeInIndex = 0; path = "libPods-sixLiveUITests.a"; sourceTree = BUILT_PRODUCTS_DIR; };
		4568E60061EF9207DA530B2C /* Pods-sixLive.release.xcconfig */ = {isa = PBXFileReference; includeInIndex = 1; lastKnownFileType = text.xcconfig; name = "Pods-sixLive.release.xcconfig"; path = "Pods/Target Support Files/Pods-sixLive/Pods-sixLive.release.xcconfig"; sourceTree = "<group>"; };
		58DA94F8861E257E332F177E /* libPods-sixLiveTests.a */ = {isa = PBXFileReference; explicitFileType = archive.ar; includeInIndex = 0; path = "libPods-sixLiveTests.a"; sourceTree = BUILT_PRODUCTS_DIR; };
		64A6A382D7F3A5F39F2B008F /* Pods-sixLiveTests.release.xcconfig */ = {isa = PBXFileReference; includeInIndex = 1; lastKnownFileType = text.xcconfig; name = "Pods-sixLiveTests.release.xcconfig"; path = "Pods/Target Support Files/Pods-sixLiveTests/Pods-sixLiveTests.release.xcconfig"; sourceTree = "<group>"; };
		96DC62775FAF1D5598C0689B /* Pods-sixLiveUITests.debug.xcconfig */ = {isa = PBXFileReference; includeInIndex = 1; lastKnownFileType = text.xcconfig; name = "Pods-sixLiveUITests.debug.xcconfig"; path = "Pods/Target Support Files/Pods-sixLiveUITests/Pods-sixLiveUITests.debug.xcconfig"; sourceTree = "<group>"; };
		9EA043FDA3E164AEDE4B2E37 /* Pods-sixLive.debug.xcconfig */ = {isa = PBXFileReference; includeInIndex = 1; lastKnownFileType = text.xcconfig; name = "Pods-sixLive.debug.xcconfig"; path = "Pods/Target Support Files/Pods-sixLive/Pods-sixLive.debug.xcconfig"; sourceTree = "<group>"; };
		C623720BD74546C22E3004C8 /* Pods-sixLiveTests.debug.xcconfig */ = {isa = PBXFileReference; includeInIndex = 1; lastKnownFileType = text.xcconfig; name = "Pods-sixLiveTests.debug.xcconfig"; path = "Pods/Target Support Files/Pods-sixLiveTests/Pods-sixLiveTests.debug.xcconfig"; sourceTree = "<group>"; };
/* End PBXFileReference section */

/* Begin PBXFrameworksBuildPhase section */
		0A91E6611F0242B1003A0CE0 /* Frameworks */ = {
			isa = PBXFrameworksBuildPhase;
			buildActionMask = 2147483647;
			files = (
				0716521ED1A5E3F7EBCA1769 /* libPods-sixLive.a in Frameworks */,
			);
			runOnlyForDeploymentPostprocessing = 0;
		};
		0A91E67A1F0242B1003A0CE0 /* Frameworks */ = {
			isa = PBXFrameworksBuildPhase;
			buildActionMask = 2147483647;
			files = (
				6FA7D6F86ACB6A78561589A8 /* libPods-sixLiveTests.a in Frameworks */,
			);
			runOnlyForDeploymentPostprocessing = 0;
		};
		0A91E6851F0242B1003A0CE0 /* Frameworks */ = {
			isa = PBXFrameworksBuildPhase;
			buildActionMask = 2147483647;
			files = (
				0E9B5CB2C23C2CB1F95559A3 /* libPods-sixLiveUITests.a in Frameworks */,
			);
			runOnlyForDeploymentPostprocessing = 0;
		};
/* End PBXFrameworksBuildPhase section */

/* Begin PBXGroup section */
		0A2776651F0645DB00010A80 /* SelectTypePage(筛选类型) */ = {
			isa = PBXGroup;
			children = (
				0A2776681F0645EB00010A80 /* SIXSelectTypeViewController.h */,
				0A2776691F0645EB00010A80 /* SIXSelectTypeViewController.m */,
				0A27766B1F06468500010A80 /* Other */,
				0A2776661F0645DB00010A80 /* Model */,
				0A2776671F0645DB00010A80 /* View */,
			);
			path = "SelectTypePage(筛选类型)";
			sourceTree = "<group>";
		};
		0A2776661F0645DB00010A80 /* Model */ = {
			isa = PBXGroup;
			children = (
				0A2776721F064C4E00010A80 /* SIXSelectTypeModel.h */,
				0A2776731F064C4E00010A80 /* SIXSelectTypeModel.m */,
				0A2776751F0650A900010A80 /* SIXSelectTypeBtnModel.h */,
				0A2776761F0650A900010A80 /* SIXSelectTypeBtnModel.m */,
			);
			path = Model;
			sourceTree = "<group>";
		};
		0A2776671F0645DB00010A80 /* View */ = {
			isa = PBXGroup;
			children = (
				0A27766F1F06474300010A80 /* SIXSelectTypeCollectionViewCell.h */,
				0A2776701F06474300010A80 /* SIXSelectTypeCollectionViewCell.m */,
				0A27767A1F06639700010A80 /* SIXSelecTypeSupplementaryView.h */,
				0A27767B1F06639700010A80 /* SIXSelecTypeSupplementaryView.m */,
			);
			path = View;
			sourceTree = "<group>";
		};
		0A27766B1F06468500010A80 /* Other */ = {
			isa = PBXGroup;
			children = (
				0A27766C1F0646A400010A80 /* SIXSelectTypeLayout.h */,
				0A27766D1F0646A400010A80 /* SIXSelectTypeLayout.m */,
			);
			path = Other;
			sourceTree = "<group>";
		};
		0A457BE21F033E84003FD0E2 /* SIXCollectionView */ = {
			isa = PBXGroup;
			children = (
				0A457BE31F033E96003FD0E2 /* SIXCollectionView.h */,
				0A457BE41F033E96003FD0E2 /* SIXCollectionView.m */,
			);
			path = SIXCollectionView;
			sourceTree = "<group>";
		};
		0A457BE61F0340B9003FD0E2 /* http */ = {
			isa = PBXGroup;
			children = (
				0A457BE71F0340D9003FD0E2 /* SIXHttpRequest.h */,
				0A457BE81F0340D9003FD0E2 /* SIXHttpRequest.m */,
			);
			path = http;
			sourceTree = "<group>";
		};
		0A457BF91F0350EB003FD0E2 /* Model */ = {
			isa = PBXGroup;
			children = (
				0A457BFA1F0350FA003FD0E2 /* SIXUser.h */,
				0A457BFB1F0350FA003FD0E2 /* SIXUser.m */,
				0A457C241F039C4A003FD0E2 /* SIXEvent.h */,
				0A457C251F039C4A003FD0E2 /* SIXEvent.m */,
			);
			path = Model;
			sourceTree = "<group>";
		};
		0A457C001F038823003FD0E2 /* View */ = {
			isa = PBXGroup;
			children = (
				0A457C011F038952003FD0E2 /* SIXTitleListView.h */,
				0A457C021F038952003FD0E2 /* SIXTitleListView.m */,
				0A46BEF01F04BBAF00E12CD6 /* SIXBlankSupplementaryView.h */,
				0A46BEF11F04BBAF00E12CD6 /* SIXBlankSupplementaryView.m */,
			);
			path = View;
			sourceTree = "<group>";
		};
		0A457C111F039991003FD0E2 /* SubSections */ = {
			isa = PBXGroup;
			children = (
				0A2776651F0645DB00010A80 /* SelectTypePage(筛选类型) */,
				0A46BEE41F04AD8100E12CD6 /* Local(附近) */,
				0A46BEE11F04AD7B00E12CD6 /* GoodSound(好声音) */,
				0A457C1E1F0399E3003FD0E2 /* HotTopic(热门) */,
				0A457C121F039991003FD0E2 /* CommonList */,
			);
			path = SubSections;
			sourceTree = "<group>";
		};
		0A457C121F039991003FD0E2 /* CommonList */ = {
			isa = PBXGroup;
			children = (
				0A457C161F039991003FD0E2 /* SIXCommonListViewController.h */,
				0A457C171F039991003FD0E2 /* SIXCommonListViewController.m */,
				0A457C181F039991003FD0E2 /* View */,
				0A457C131F039991003FD0E2 /* Model */,
			);
			path = CommonList;
			sourceTree = "<group>";
		};
		0A457C131F039991003FD0E2 /* Model */ = {
			isa = PBXGroup;
			children = (
				0A457C141F039991003FD0E2 /* SIXCommonListModel.h */,
				0A457C151F039991003FD0E2 /* SIXCommonListModel.m */,
			);
			path = Model;
			sourceTree = "<group>";
		};
		0A457C181F039991003FD0E2 /* View */ = {
			isa = PBXGroup;
			children = (
				0A457C191F039991003FD0E2 /* SIXListCollectionViewCell.h */,
				0A457C1A1F039991003FD0E2 /* SIXListCollectionViewCell.m */,
			);
			path = View;
			sourceTree = "<group>";
		};
		0A457C1E1F0399E3003FD0E2 /* HotTopic(热门) */ = {
			isa = PBXGroup;
			children = (
				0A457C211F039A81003FD0E2 /* SIXHotTopicListViewController.h */,
				0A457C221F039A81003FD0E2 /* SIXHotTopicListViewController.m */,
				0A457C1F1F0399E3003FD0E2 /* Model */,
				0A457C201F0399E3003FD0E2 /* View */,
			);
			path = "HotTopic(热门)";
			sourceTree = "<group>";
		};
		0A457C1F1F0399E3003FD0E2 /* Model */ = {
			isa = PBXGroup;
			children = (
				0A457C271F03A59D003FD0E2 /* SIXHotListModel.h */,
				0A457C281F03A59D003FD0E2 /* SIXHotListModel.m */,
			);
			path = Model;
			sourceTree = "<group>";
		};
		0A457C201F0399E3003FD0E2 /* View */ = {
			isa = PBXGroup;
			children = (
				0A457C2A1F03AB28003FD0E2 /* SIXBannerCollectionViewCell.h */,
				0A457C2B1F03AB28003FD0E2 /* SIXBannerCollectionViewCell.m */,
				0A457C2D1F03AB51003FD0E2 /* SIXRecCollectionViewCell.h */,
				0A457C2E1F03AB51003FD0E2 /* SIXRecCollectionViewCell.m */,
				0A46BE961F04982600E12CD6 /* SIXRecomendSupplementaryView.h */,
				0A46BE971F04982600E12CD6 /* SIXRecomendSupplementaryView.m */,
				0A46BEDE1F04AC1000E12CD6 /* SIXRecomendView.h */,
				0A46BEDF1F04AC1000E12CD6 /* SIXRecomendView.m */,
			);
			path = View;
			sourceTree = "<group>";
		};
		0A46BE8F1F04953100E12CD6 /* Cell&Supplementary */ = {
			isa = PBXGroup;
			children = (
				0A46BE901F04955400E12CD6 /* SIXCollectionSupplementaryView.h */,
				0A46BE911F04955400E12CD6 /* SIXCollectionSupplementaryView.m */,
				0A46BF091F05006700E12CD6 /* SIXCollectionViewCell.h */,
				0A46BF0A1F05006700E12CD6 /* SIXCollectionViewCell.m */,
			);
			path = "Cell&Supplementary";
			sourceTree = "<group>";
		};
		0A46BEE11F04AD7B00E12CD6 /* GoodSound(好声音) */ = {
			isa = PBXGroup;
			children = (
				0A46BF061F04FFED00E12CD6 /* SIXSoundViewController.h */,
				0A46BF071F04FFED00E12CD6 /* SIXSoundViewController.m */,
				0A46BEE21F04AD7B00E12CD6 /* Model */,
				0A46BEE31F04AD7B00E12CD6 /* View */,
			);
			path = "GoodSound(好声音)";
			sourceTree = "<group>";
		};
		0A46BEE21F04AD7B00E12CD6 /* Model */ = {
			isa = PBXGroup;
			children = (
			);
			path = Model;
			sourceTree = "<group>";
		};
		0A46BEE31F04AD7B00E12CD6 /* View */ = {
			isa = PBXGroup;
			children = (
				0A46BF0C1F05013400E12CD6 /* SIXSoundHeaderSupplementaryView.h */,
				0A46BF0D1F05013400E12CD6 /* SIXSoundHeaderSupplementaryView.m */,
			);
			path = View;
			sourceTree = "<group>";
		};
		0A46BEE41F04AD8100E12CD6 /* Local(附近) */ = {
			isa = PBXGroup;
			children = (
				0A46BEE71F04ADF700E12CD6 /* SIXLocalListViewController.h */,
				0A46BEE81F04ADF700E12CD6 /* SIXLocalListViewController.m */,
				0A46BEFF1F04E67700E12CD6 /* Other */,
				0A46BEE51F04AD8100E12CD6 /* Model */,
				0A46BEE61F04AD8100E12CD6 /* View */,
			);
			path = "Local(附近)";
			sourceTree = "<group>";
		};
		0A46BEE51F04AD8100E12CD6 /* Model */ = {
			isa = PBXGroup;
			children = (
				0A46BEEA1F04AE1C00E12CD6 /* SIXLocalListModel.h */,
				0A46BEEB1F04AE1C00E12CD6 /* SIXLocalListModel.m */,
				0A46BEED1F04AFC700E12CD6 /* SIXLocalContent.h */,
				0A46BEEE1F04AFC700E12CD6 /* SIXLocalContent.m */,
			);
			path = Model;
			sourceTree = "<group>";
		};
		0A46BEE61F04AD8100E12CD6 /* View */ = {
			isa = PBXGroup;
			children = (
				0A46BEF31F04D26900E12CD6 /* SIXLocalSelectView.h */,
				0A46BEF41F04D26900E12CD6 /* SIXLocalSelectView.m */,
				0A46BF031F04F25100E12CD6 /* SIXProvinceCell.h */,
				0A46BF041F04F25100E12CD6 /* SIXProvinceCell.m */,
			);
			path = View;
			sourceTree = "<group>";
		};
		0A46BEFD1F04E22900E12CD6 /* Vendors */ = {
			isa = PBXGroup;
			children = (
			);
			path = Vendors;
			sourceTree = "<group>";
		};
		0A46BEFF1F04E67700E12CD6 /* Other */ = {
			isa = PBXGroup;
			children = (
				0A46BF001F04E67700E12CD6 /* SIXProvinceListViewController.h */,
				0A46BF011F04E67700E12CD6 /* SIXProvinceListViewController.m */,
			);
			path = Other;
			sourceTree = "<group>";
		};
		0A56D13E1F09DE000032CB9D /* Other */ = {
			isa = PBXGroup;
			children = (
				0A56D1421F09DF670032CB9D /* SIXSelectTypeTransition.h */,
				0A56D1431F09DF670032CB9D /* SIXSelectTypeTransition.m */,
				0A56D1451F09DFA80032CB9D /* SIXSelectTypePresentationController.h */,
				0A56D1461F09DFA80032CB9D /* SIXSelectTypePresentationController.m */,
				0A56D1481F09E6590032CB9D /* SIXSelectTypeTransitionAnimation.h */,
				0A56D1491F09E6590032CB9D /* SIXSelectTypeTransitionAnimation.m */,
			);
			path = Other;
			sourceTree = "<group>";
		};
		0A68BE8E1F02586D0094141A /* SIXNavigationBar */ = {
			isa = PBXGroup;
			children = (
				0A68BE8F1F0258860094141A /* SIXNavigationBar.h */,
				0A68BE901F0258860094141A /* SIXNavigationBar.m */,
			);
			path = SIXNavigationBar;
			sourceTree = "<group>";
		};
		0A68BE981F0267410094141A /* home(首页) */ = {
			isa = PBXGroup;
			children = (
				0A68BE991F0267410094141A /* SIXHomeViewController.h */,
				0A68BE9A1F0267410094141A /* SIXHomeViewController.m */,
				0A56D13E1F09DE000032CB9D /* Other */,
				0A457C001F038823003FD0E2 /* View */,
				0A457BF91F0350EB003FD0E2 /* Model */,
				0A457C111F039991003FD0E2 /* SubSections */,
			);
			path = "home(首页)";
			sourceTree = "<group>";
		};
		0A68BEA01F026DEB0094141A /* CollectionLayout */ = {
			isa = PBXGroup;
			children = (
				0A68BEA11F026E0D0094141A /* SIXCollectionViewListLayout.h */,
				0A68BEA21F026E0D0094141A /* SIXCollectionViewListLayout.m */,
			);
			path = CollectionLayout;
			sourceTree = "<group>";
		};
		0A91E65B1F0242B1003A0CE0 = {
			isa = PBXGroup;
			children = (
				0A91E6661F0242B1003A0CE0 /* sixLive */,
				0A91E6801F0242B1003A0CE0 /* sixLiveTests */,
				0A91E68B1F0242B1003A0CE0 /* sixLiveUITests */,
				0A91E6651F0242B1003A0CE0 /* Products */,
				C3DD1D146D32886D72239E5E /* Pods */,
				715763FF270FC32C6E4057F5 /* Frameworks */,
			);
			sourceTree = "<group>";
		};
		0A91E6651F0242B1003A0CE0 /* Products */ = {
			isa = PBXGroup;
			children = (
				0A91E6641F0242B1003A0CE0 /* sixLive.app */,
				0A91E67D1F0242B1003A0CE0 /* sixLiveTests.xctest */,
				0A91E6881F0242B1003A0CE0 /* sixLiveUITests.xctest */,
			);
			name = Products;
			sourceTree = "<group>";
		};
		0A91E6661F0242B1003A0CE0 /* sixLive */ = {
			isa = PBXGroup;
			children = (
				0A91E69A1F02455F003A0CE0 /* AppDelegate */,
				0A91E69E1F024569003A0CE0 /* Classes */,
				0A91E6A41F02456F003A0CE0 /* Resources */,
				0A91E6731F0242B1003A0CE0 /* Assets.xcassets */,
				0A91E6751F0242B1003A0CE0 /* LaunchScreen.storyboard */,
				0A91E6781F0242B1003A0CE0 /* Info.plist */,
				0A91E6671F0242B1003A0CE0 /* Supporting Files */,
			);
			path = sixLive;
			sourceTree = "<group>";
		};
		0A91E6671F0242B1003A0CE0 /* Supporting Files */ = {
			isa = PBXGroup;
			children = (
				0A91E6681F0242B1003A0CE0 /* main.m */,
			);
			name = "Supporting Files";
			sourceTree = "<group>";
		};
		0A91E6801F0242B1003A0CE0 /* sixLiveTests */ = {
			isa = PBXGroup;
			children = (
				0A91E6811F0242B1003A0CE0 /* sixLiveTests.m */,
				0A91E6831F0242B1003A0CE0 /* Info.plist */,
			);
			path = sixLiveTests;
			sourceTree = "<group>";
		};
		0A91E68B1F0242B1003A0CE0 /* sixLiveUITests */ = {
			isa = PBXGroup;
			children = (
				0A91E68C1F0242B1003A0CE0 /* sixLiveUITests.m */,
				0A91E68E1F0242B1003A0CE0 /* Info.plist */,
			);
			path = sixLiveUITests;
			sourceTree = "<group>";
		};
		0A91E69A1F02455F003A0CE0 /* AppDelegate */ = {
			isa = PBXGroup;
			children = (
				0A91E69B1F02455F003A0CE0 /* AppDelegate.h */,
				0A91E69C1F02455F003A0CE0 /* AppDelegate.m */,
			);
			path = AppDelegate;
			sourceTree = "<group>";
		};
		0A91E69E1F024569003A0CE0 /* Classes */ = {
			isa = PBXGroup;
			children = (
				0A91E69F1F024569003A0CE0 /* General */,
				0A91E6A01F024569003A0CE0 /* Helpers */,
				0A91E6A11F024569003A0CE0 /* Macro */,
				0A91E6A21F024569003A0CE0 /* Sections */,
				0A46BEFD1F04E22900E12CD6 /* Vendors */,
			);
			path = Classes;
			sourceTree = "<group>";
		};
		0A91E69F1F024569003A0CE0 /* General */ = {
			isa = PBXGroup;
			children = (
				0A91E6A71F0248F9003A0CE0 /* Base */,
				0A91E6A81F0248F9003A0CE0 /* Categories */,
				0A91E6A91F0248F9003A0CE0 /* Views */,
				0A68BEA01F026DEB0094141A /* CollectionLayout */,
			);
			path = General;
			sourceTree = "<group>";
		};
		0A91E6A01F024569003A0CE0 /* Helpers */ = {
			isa = PBXGroup;
			children = (
				0A457BE61F0340B9003FD0E2 /* http */,
			);
			path = Helpers;
			sourceTree = "<group>";
		};
		0A91E6A11F024569003A0CE0 /* Macro */ = {
			isa = PBXGroup;
			children = (
				0A91E6B91F024AD1003A0CE0 /* SixLive.h */,
				0A68BE8C1F0254ED0094141A /* SIXGlobalMacro.h */,
				0A68BE8D1F0255E50094141A /* SIXColorMacro.h */,
			);
			path = Macro;
			sourceTree = "<group>";
		};
		0A91E6A21F024569003A0CE0 /* Sections */ = {
			isa = PBXGroup;
			children = (
				0A68BE981F0267410094141A /* home(首页) */,
				0A91E6A61F024721003A0CE0 /* Main */,
			);
			path = Sections;
			sourceTree = "<group>";
		};
		0A91E6A41F02456F003A0CE0 /* Resources */ = {
			isa = PBXGroup;
			children = (
				0A91E6B81F024A69003A0CE0 /* sixLive-Prefix.pch */,
				0A46BF0F1F05059800E12CD6 /* lobby_live_sound_btn_kind.plist */,
				0A2776781F06512B00010A80 /* lobby_live_select_type.plist */,
				0A56D13C1F09DABE0032CB9D /* lobby_live_select_level.plist */,
			);
			path = Resources;
			sourceTree = "<group>";
		};
		0A91E6A61F024721003A0CE0 /* Main */ = {
			isa = PBXGroup;
			children = (
				0A91E6AD1F024970003A0CE0 /* SIXMainViewController.h */,
				0A91E6AE1F024970003A0CE0 /* SIXMainViewController.m */,
			);
			path = Main;
			sourceTree = "<group>";
		};
		0A91E6A71F0248F9003A0CE0 /* Base */ = {
			isa = PBXGroup;
			children = (
				0A91E6B01F0249C1003A0CE0 /* SIXNavigationController */,
				0A91E6B11F0249C1003A0CE0 /* SIXViewController */,
			);
			path = Base;
			sourceTree = "<group>";
		};
		0A91E6A81F0248F9003A0CE0 /* Categories */ = {
			isa = PBXGroup;
			children = (
				0A68BE631F024FF50094141A /* UIColor+Addition.h */,
				0A68BE641F024FF50094141A /* UIColor+Addition.m */,
				0A457BEE1F034836003FD0E2 /* UIView+Addition.h */,
				0A457BEF1F034836003FD0E2 /* UIView+Addition.m */,
				0A457BFD1F0379DF003FD0E2 /* NSString+Addition.h */,
				0A457BFE1F0379DF003FD0E2 /* NSString+Addition.m */,
			);
			path = Categories;
			sourceTree = "<group>";
		};
		0A91E6A91F0248F9003A0CE0 /* Views */ = {
			isa = PBXGroup;
			children = (
				0A46BE8F1F04953100E12CD6 /* Cell&Supplementary */,
				0A457BE21F033E84003FD0E2 /* SIXCollectionView */,
				0A68BE8E1F02586D0094141A /* SIXNavigationBar */,
			);
			path = Views;
			sourceTree = "<group>";
		};
		0A91E6B01F0249C1003A0CE0 /* SIXNavigationController */ = {
			isa = PBXGroup;
			children = (
				0A91E6B51F0249D8003A0CE0 /* SIXNavigationController.h */,
				0A91E6B61F0249D8003A0CE0 /* SIXNavigationController.m */,
			);
			path = SIXNavigationController;
			sourceTree = "<group>";
		};
		0A91E6B11F0249C1003A0CE0 /* SIXViewController */ = {
			isa = PBXGroup;
			children = (
				0A91E6B21F0249C1003A0CE0 /* SIXBaseViewController.h */,
				0A91E6B31F0249C1003A0CE0 /* SIXBaseViewController.m */,
				0A68BE921F0260410094141A /* SIXViewController.h */,
				0A68BE931F0260410094141A /* SIXViewController.m */,
			);
			path = SIXViewController;
			sourceTree = "<group>";
		};
		715763FF270FC32C6E4057F5 /* Frameworks */ = {
			isa = PBXGroup;
			children = (
				03AA5A9E32D8FF2CE233CD6E /* libPods-sixLive.a */,
				58DA94F8861E257E332F177E /* libPods-sixLiveTests.a */,
				0DA42BC4B3DD35F4F4B84A4F /* libPods-sixLiveUITests.a */,
			);
			name = Frameworks;
			sourceTree = "<group>";
		};
		C3DD1D146D32886D72239E5E /* Pods */ = {
			isa = PBXGroup;
			children = (
				9EA043FDA3E164AEDE4B2E37 /* Pods-sixLive.debug.xcconfig */,
				4568E60061EF9207DA530B2C /* Pods-sixLive.release.xcconfig */,
				C623720BD74546C22E3004C8 /* Pods-sixLiveTests.debug.xcconfig */,
				64A6A382D7F3A5F39F2B008F /* Pods-sixLiveTests.release.xcconfig */,
				96DC62775FAF1D5598C0689B /* Pods-sixLiveUITests.debug.xcconfig */,
				0454E8E7247575BB69F73079 /* Pods-sixLiveUITests.release.xcconfig */,
			);
			name = Pods;
			sourceTree = "<group>";
		};
/* End PBXGroup section */

/* Begin PBXNativeTarget section */
		0A91E6631F0242B1003A0CE0 /* sixLive */ = {
			isa = PBXNativeTarget;
			buildConfigurationList = 0A91E6911F0242B1003A0CE0 /* Build configuration list for PBXNativeTarget "sixLive" */;
			buildPhases = (
				8956EA29D584C097B5AFBE18 /* [CP] Check Pods Manifest.lock */,
				0A91E6601F0242B1003A0CE0 /* Sources */,
				0A91E6611F0242B1003A0CE0 /* Frameworks */,
				0A91E6621F0242B1003A0CE0 /* Resources */,
				868CE42F08458D71173C67C1 /* [CP] Embed Pods Frameworks */,
				B703FC88CCB5BFFFFC1F8C26 /* [CP] Copy Pods Resources */,
			);
			buildRules = (
			);
			dependencies = (
			);
			name = sixLive;
			productName = sixLive;
			productReference = 0A91E6641F0242B1003A0CE0 /* sixLive.app */;
			productType = "com.apple.product-type.application";
		};
		0A91E67C1F0242B1003A0CE0 /* sixLiveTests */ = {
			isa = PBXNativeTarget;
			buildConfigurationList = 0A91E6941F0242B1003A0CE0 /* Build configuration list for PBXNativeTarget "sixLiveTests" */;
			buildPhases = (
				DA99D24F8C8FA5132A54298E /* [CP] Check Pods Manifest.lock */,
				0A91E6791F0242B1003A0CE0 /* Sources */,
				0A91E67A1F0242B1003A0CE0 /* Frameworks */,
				0A91E67B1F0242B1003A0CE0 /* Resources */,
				5B814005087FA81FE606ED94 /* [CP] Embed Pods Frameworks */,
				9F19A3BADB0826F70527D080 /* [CP] Copy Pods Resources */,
			);
			buildRules = (
			);
			dependencies = (
				0A91E67F1F0242B1003A0CE0 /* PBXTargetDependency */,
			);
			name = sixLiveTests;
			productName = sixLiveTests;
			productReference = 0A91E67D1F0242B1003A0CE0 /* sixLiveTests.xctest */;
			productType = "com.apple.product-type.bundle.unit-test";
		};
		0A91E6871F0242B1003A0CE0 /* sixLiveUITests */ = {
			isa = PBXNativeTarget;
			buildConfigurationList = 0A91E6971F0242B1003A0CE0 /* Build configuration list for PBXNativeTarget "sixLiveUITests" */;
			buildPhases = (
				DBAE5122F07B07C76953B73D /* [CP] Check Pods Manifest.lock */,
				0A91E6841F0242B1003A0CE0 /* Sources */,
				0A91E6851F0242B1003A0CE0 /* Frameworks */,
				0A91E6861F0242B1003A0CE0 /* Resources */,
				9707518CC4ED3BD39160A352 /* [CP] Embed Pods Frameworks */,
				FAA58818CF34802B10B8CB17 /* [CP] Copy Pods Resources */,
			);
			buildRules = (
			);
			dependencies = (
				0A91E68A1F0242B1003A0CE0 /* PBXTargetDependency */,
			);
			name = sixLiveUITests;
			productName = sixLiveUITests;
			productReference = 0A91E6881F0242B1003A0CE0 /* sixLiveUITests.xctest */;
			productType = "com.apple.product-type.bundle.ui-testing";
		};
/* End PBXNativeTarget section */

/* Begin PBXProject section */
		0A91E65C1F0242B1003A0CE0 /* Project object */ = {
			isa = PBXProject;
			attributes = {
				CLASSPREFIX = SIX;
				LastUpgradeCheck = 0830;
				ORGANIZATIONNAME = "li’Pro";
				TargetAttributes = {
					0A91E6631F0242B1003A0CE0 = {
						CreatedOnToolsVersion = 8.3.3;
						DevelopmentTeam = Y49U8RX2F5;
						ProvisioningStyle = Automatic;
					};
					0A91E67C1F0242B1003A0CE0 = {
						CreatedOnToolsVersion = 8.3.3;
						DevelopmentTeam = Y49U8RX2F5;
						ProvisioningStyle = Automatic;
						TestTargetID = 0A91E6631F0242B1003A0CE0;
					};
					0A91E6871F0242B1003A0CE0 = {
						CreatedOnToolsVersion = 8.3.3;
						DevelopmentTeam = Y49U8RX2F5;
						ProvisioningStyle = Automatic;
						TestTargetID = 0A91E6631F0242B1003A0CE0;
					};
				};
			};
			buildConfigurationList = 0A91E65F1F0242B1003A0CE0 /* Build configuration list for PBXProject "sixLive" */;
			compatibilityVersion = "Xcode 3.2";
			developmentRegion = English;
			hasScannedForEncodings = 0;
			knownRegions = (
				en,
				Base,
			);
			mainGroup = 0A91E65B1F0242B1003A0CE0;
			productRefGroup = 0A91E6651F0242B1003A0CE0 /* Products */;
			projectDirPath = "";
			projectRoot = "";
			targets = (
				0A91E6631F0242B1003A0CE0 /* sixLive */,
				0A91E67C1F0242B1003A0CE0 /* sixLiveTests */,
				0A91E6871F0242B1003A0CE0 /* sixLiveUITests */,
			);
		};
/* End PBXProject section */

/* Begin PBXResourcesBuildPhase section */
		0A91E6621F0242B1003A0CE0 /* Resources */ = {
			isa = PBXResourcesBuildPhase;
			buildActionMask = 2147483647;
			files = (
				0A91E6771F0242B1003A0CE0 /* LaunchScreen.storyboard in Resources */,
				0A2776791F06512B00010A80 /* lobby_live_select_type.plist in Resources */,
				0A46BF101F05059800E12CD6 /* lobby_live_sound_btn_kind.plist in Resources */,
				0A56D13D1F09DABE0032CB9D /* lobby_live_select_level.plist in Resources */,
				0A91E6741F0242B1003A0CE0 /* Assets.xcassets in Resources */,
			);
			runOnlyForDeploymentPostprocessing = 0;
		};
		0A91E67B1F0242B1003A0CE0 /* Resources */ = {
			isa = PBXResourcesBuildPhase;
			buildActionMask = 2147483647;
			files = (
			);
			runOnlyForDeploymentPostprocessing = 0;
		};
		0A91E6861F0242B1003A0CE0 /* Resources */ = {
			isa = PBXResourcesBuildPhase;
			buildActionMask = 2147483647;
			files = (
			);
			runOnlyForDeploymentPostprocessing = 0;
		};
/* End PBXResourcesBuildPhase section */

/* Begin PBXShellScriptBuildPhase section */
		5B814005087FA81FE606ED94 /* [CP] Embed Pods Frameworks */ = {
			isa = PBXShellScriptBuildPhase;
			buildActionMask = 2147483647;
			files = (
			);
			inputPaths = (
			);
			name = "[CP] Embed Pods Frameworks";
			outputPaths = (
			);
			runOnlyForDeploymentPostprocessing = 0;
			shellPath = /bin/sh;
			shellScript = "\"${SRCROOT}/Pods/Target Support Files/Pods-sixLiveTests/Pods-sixLiveTests-frameworks.sh\"\n";
			showEnvVarsInLog = 0;
		};
		868CE42F08458D71173C67C1 /* [CP] Embed Pods Frameworks */ = {
			isa = PBXShellScriptBuildPhase;
			buildActionMask = 2147483647;
			files = (
			);
			inputPaths = (
			);
			name = "[CP] Embed Pods Frameworks";
			outputPaths = (
			);
			runOnlyForDeploymentPostprocessing = 0;
			shellPath = /bin/sh;
			shellScript = "\"${SRCROOT}/Pods/Target Support Files/Pods-sixLive/Pods-sixLive-frameworks.sh\"\n";
			showEnvVarsInLog = 0;
		};
		8956EA29D584C097B5AFBE18 /* [CP] Check Pods Manifest.lock */ = {
			isa = PBXShellScriptBuildPhase;
			buildActionMask = 2147483647;
			files = (
			);
			inputPaths = (
			);
			name = "[CP] Check Pods Manifest.lock";
			outputPaths = (
			);
			runOnlyForDeploymentPostprocessing = 0;
			shellPath = /bin/sh;
			shellScript = "diff \"${PODS_PODFILE_DIR_PATH}/Podfile.lock\" \"${PODS_ROOT}/Manifest.lock\" > /dev/null\nif [ $? != 0 ] ; then\n    # print error to STDERR\n    echo \"error: The sandbox is not in sync with the Podfile.lock. Run 'pod install' or update your CocoaPods installation.\" >&2\n    exit 1\nfi\n";
			showEnvVarsInLog = 0;
		};
		9707518CC4ED3BD39160A352 /* [CP] Embed Pods Frameworks */ = {
			isa = PBXShellScriptBuildPhase;
			buildActionMask = 2147483647;
			files = (
			);
			inputPaths = (
			);
			name = "[CP] Embed Pods Frameworks";
			outputPaths = (
			);
			runOnlyForDeploymentPostprocessing = 0;
			shellPath = /bin/sh;
			shellScript = "\"${SRCROOT}/Pods/Target Support Files/Pods-sixLiveUITests/Pods-sixLiveUITests-frameworks.sh\"\n";
			showEnvVarsInLog = 0;
		};
		9F19A3BADB0826F70527D080 /* [CP] Copy Pods Resources */ = {
			isa = PBXShellScriptBuildPhase;
			buildActionMask = 2147483647;
			files = (
			);
			inputPaths = (
			);
			name = "[CP] Copy Pods Resources";
			outputPaths = (
			);
			runOnlyForDeploymentPostprocessing = 0;
			shellPath = /bin/sh;
			shellScript = "\"${SRCROOT}/Pods/Target Support Files/Pods-sixLiveTests/Pods-sixLiveTests-resources.sh\"\n";
			showEnvVarsInLog = 0;
		};
		B703FC88CCB5BFFFFC1F8C26 /* [CP] Copy Pods Resources */ = {
			isa = PBXShellScriptBuildPhase;
			buildActionMask = 2147483647;
			files = (
			);
			inputPaths = (
			);
			name = "[CP] Copy Pods Resources";
			outputPaths = (
			);
			runOnlyForDeploymentPostprocessing = 0;
			shellPath = /bin/sh;
			shellScript = "\"${SRCROOT}/Pods/Target Support Files/Pods-sixLive/Pods-sixLive-resources.sh\"\n";
			showEnvVarsInLog = 0;
		};
		DA99D24F8C8FA5132A54298E /* [CP] Check Pods Manifest.lock */ = {
			isa = PBXShellScriptBuildPhase;
			buildActionMask = 2147483647;
			files = (
			);
			inputPaths = (
			);
			name = "[CP] Check Pods Manifest.lock";
			outputPaths = (
			);
			runOnlyForDeploymentPostprocessing = 0;
			shellPath = /bin/sh;
			shellScript = "diff \"${PODS_PODFILE_DIR_PATH}/Podfile.lock\" \"${PODS_ROOT}/Manifest.lock\" > /dev/null\nif [ $? != 0 ] ; then\n    # print error to STDERR\n    echo \"error: The sandbox is not in sync with the Podfile.lock. Run 'pod install' or update your CocoaPods installation.\" >&2\n    exit 1\nfi\n";
			showEnvVarsInLog = 0;
		};
		DBAE5122F07B07C76953B73D /* [CP] Check Pods Manifest.lock */ = {
			isa = PBXShellScriptBuildPhase;
			buildActionMask = 2147483647;
			files = (
			);
			inputPaths = (
			);
			name = "[CP] Check Pods Manifest.lock";
			outputPaths = (
			);
			runOnlyForDeploymentPostprocessing = 0;
			shellPath = /bin/sh;
			shellScript = "diff \"${PODS_PODFILE_DIR_PATH}/Podfile.lock\" \"${PODS_ROOT}/Manifest.lock\" > /dev/null\nif [ $? != 0 ] ; then\n    # print error to STDERR\n    echo \"error: The sandbox is not in sync with the Podfile.lock. Run 'pod install' or update your CocoaPods installation.\" >&2\n    exit 1\nfi\n";
			showEnvVarsInLog = 0;
		};
		FAA58818CF34802B10B8CB17 /* [CP] Copy Pods Resources */ = {
			isa = PBXShellScriptBuildPhase;
			buildActionMask = 2147483647;
			files = (
			);
			inputPaths = (
			);
			name = "[CP] Copy Pods Resources";
			outputPaths = (
			);
			runOnlyForDeploymentPostprocessing = 0;
			shellPath = /bin/sh;
			shellScript = "\"${SRCROOT}/Pods/Target Support Files/Pods-sixLiveUITests/Pods-sixLiveUITests-resources.sh\"\n";
			showEnvVarsInLog = 0;
		};
/* End PBXShellScriptBuildPhase section */

/* Begin PBXSourcesBuildPhase section */
		0A91E6601F0242B1003A0CE0 /* Sources */ = {
			isa = PBXSourcesBuildPhase;
			buildActionMask = 2147483647;
			files = (
				0A68BE941F0260410094141A /* SIXViewController.m in Sources */,
				0A2776741F064C4E00010A80 /* SIXSelectTypeModel.m in Sources */,
				0A46BEE91F04ADF700E12CD6 /* SIXLocalListViewController.m in Sources */,
				0A457C2C1F03AB28003FD0E2 /* SIXBannerCollectionViewCell.m in Sources */,
				0A457C261F039C4A003FD0E2 /* SIXEvent.m in Sources */,
				0A2776771F0650A900010A80 /* SIXSelectTypeBtnModel.m in Sources */,
				0A46BEEF1F04AFC700E12CD6 /* SIXLocalContent.m in Sources */,
				0A68BE9B1F0267410094141A /* SIXHomeViewController.m in Sources */,
				0A46BE921F04955400E12CD6 /* SIXCollectionSupplementaryView.m in Sources */,
				0A68BE911F0258860094141A /* SIXNavigationBar.m in Sources */,
				0A457BFF1F0379DF003FD0E2 /* NSString+Addition.m in Sources */,
				0A27766A1F0645EB00010A80 /* SIXSelectTypeViewController.m in Sources */,
				0A46BEF51F04D26900E12CD6 /* SIXLocalSelectView.m in Sources */,
				0A56D1471F09DFA80032CB9D /* SIXSelectTypePresentationController.m in Sources */,
				0A91E6B41F0249C1003A0CE0 /* SIXBaseViewController.m in Sources */,
				0A91E69D1F02455F003A0CE0 /* AppDelegate.m in Sources */,
				0A91E6691F0242B1003A0CE0 /* main.m in Sources */,
				0A46BF081F04FFED00E12CD6 /* SIXSoundViewController.m in Sources */,
				0A457BE51F033E96003FD0E2 /* SIXCollectionView.m in Sources */,
				0A68BEA31F026E0D0094141A /* SIXCollectionViewListLayout.m in Sources */,
				0A457C031F038952003FD0E2 /* SIXTitleListView.m in Sources */,
				0A46BF0B1F05006700E12CD6 /* SIXCollectionViewCell.m in Sources */,
				0A46BEEC1F04AE1C00E12CD6 /* SIXLocalListModel.m in Sources */,
				0A46BF0E1F05013400E12CD6 /* SIXSoundHeaderSupplementaryView.m in Sources */,
				0A27766E1F0646A400010A80 /* SIXSelectTypeLayout.m in Sources */,
				0A457BE91F0340D9003FD0E2 /* SIXHttpRequest.m in Sources */,
				0A56D1441F09DF670032CB9D /* SIXSelectTypeTransition.m in Sources */,
				0A46BE981F04982600E12CD6 /* SIXRecomendSupplementaryView.m in Sources */,
				0A457BF01F034836003FD0E2 /* UIView+Addition.m in Sources */,
				0A457C1D1F039991003FD0E2 /* SIXListCollectionViewCell.m in Sources */,
				0A457C1C1F039991003FD0E2 /* SIXCommonListViewController.m in Sources */,
				0A68BE651F024FF50094141A /* UIColor+Addition.m in Sources */,
				0A46BF021F04E67700E12CD6 /* SIXProvinceListViewController.m in Sources */,
				0A457C231F039A81003FD0E2 /* SIXHotTopicListViewController.m in Sources */,
				0A457C2F1F03AB51003FD0E2 /* SIXRecCollectionViewCell.m in Sources */,
				0A46BF051F04F25100E12CD6 /* SIXProvinceCell.m in Sources */,
				0A457C1B1F039991003FD0E2 /* SIXCommonListModel.m in Sources */,
				0A457C291F03A59D003FD0E2 /* SIXHotListModel.m in Sources */,
				0A457BFC1F0350FA003FD0E2 /* SIXUser.m in Sources */,
				0A2776711F06474300010A80 /* SIXSelectTypeCollectionViewCell.m in Sources */,
				0A91E6B71F0249D8003A0CE0 /* SIXNavigationController.m in Sources */,
				0A27767C1F06639700010A80 /* SIXSelecTypeSupplementaryView.m in Sources */,
				0A56D14A1F09E6590032CB9D /* SIXSelectTypeTransitionAnimation.m in Sources */,
				0A46BEE01F04AC1000E12CD6 /* SIXRecomendView.m in Sources */,
				0A46BEF21F04BBAF00E12CD6 /* SIXBlankSupplementaryView.m in Sources */,
				0A91E6AF1F024970003A0CE0 /* SIXMainViewController.m in Sources */,
			);
			runOnlyForDeploymentPostprocessing = 0;
		};
		0A91E6791F0242B1003A0CE0 /* Sources */ = {
			isa = PBXSourcesBuildPhase;
			buildActionMask = 2147483647;
			files = (
				0A91E6821F0242B1003A0CE0 /* sixLiveTests.m in Sources */,
			);
			runOnlyForDeploymentPostprocessing = 0;
		};
		0A91E6841F0242B1003A0CE0 /* Sources */ = {
			isa = PBXSourcesBuildPhase;
			buildActionMask = 2147483647;
			files = (
				0A91E68D1F0242B1003A0CE0 /* sixLiveUITests.m in Sources */,
			);
			runOnlyForDeploymentPostprocessing = 0;
		};
/* End PBXSourcesBuildPhase section */

/* Begin PBXTargetDependency section */
		0A91E67F1F0242B1003A0CE0 /* PBXTargetDependency */ = {
			isa = PBXTargetDependency;
			target = 0A91E6631F0242B1003A0CE0 /* sixLive */;
			targetProxy = 0A91E67E1F0242B1003A0CE0 /* PBXContainerItemProxy */;
		};
		0A91E68A1F0242B1003A0CE0 /* PBXTargetDependency */ = {
			isa = PBXTargetDependency;
			target = 0A91E6631F0242B1003A0CE0 /* sixLive */;
			targetProxy = 0A91E6891F0242B1003A0CE0 /* PBXContainerItemProxy */;
		};
/* End PBXTargetDependency section */

/* Begin PBXVariantGroup section */
		0A91E6751F0242B1003A0CE0 /* LaunchScreen.storyboard */ = {
			isa = PBXVariantGroup;
			children = (
				0A91E6761F0242B1003A0CE0 /* Base */,
			);
			name = LaunchScreen.storyboard;
			sourceTree = "<group>";
		};
/* End PBXVariantGroup section */

/* Begin XCBuildConfiguration section */
		0A91E68F1F0242B1003A0CE0 /* Debug */ = {
			isa = XCBuildConfiguration;
			buildSettings = {
				ALWAYS_SEARCH_USER_PATHS = NO;
				CLANG_ANALYZER_NONNULL = YES;
				CLANG_ANALYZER_NUMBER_OBJECT_CONVERSION = YES_AGGRESSIVE;
				CLANG_CXX_LANGUAGE_STANDARD = "gnu++0x";
				CLANG_CXX_LIBRARY = "libc++";
				CLANG_ENABLE_MODULES = YES;
				CLANG_ENABLE_OBJC_ARC = YES;
				CLANG_WARN_BOOL_CONVERSION = YES;
				CLANG_WARN_CONSTANT_CONVERSION = YES;
				CLANG_WARN_DIRECT_OBJC_ISA_USAGE = YES_ERROR;
				CLANG_WARN_DOCUMENTATION_COMMENTS = YES;
				CLANG_WARN_EMPTY_BODY = YES;
				CLANG_WARN_ENUM_CONVERSION = YES;
				CLANG_WARN_INFINITE_RECURSION = YES;
				CLANG_WARN_INT_CONVERSION = YES;
				CLANG_WARN_OBJC_ROOT_CLASS = YES_ERROR;
				CLANG_WARN_SUSPICIOUS_MOVE = YES;
				CLANG_WARN_UNREACHABLE_CODE = YES;
				CLANG_WARN__DUPLICATE_METHOD_MATCH = YES;
				"CODE_SIGN_IDENTITY[sdk=iphoneos*]" = "iPhone Developer";
				COPY_PHASE_STRIP = NO;
				DEBUG_INFORMATION_FORMAT = dwarf;
				ENABLE_STRICT_OBJC_MSGSEND = YES;
				ENABLE_TESTABILITY = YES;
				GCC_C_LANGUAGE_STANDARD = gnu99;
				GCC_DYNAMIC_NO_PIC = NO;
				GCC_NO_COMMON_BLOCKS = YES;
				GCC_OPTIMIZATION_LEVEL = 0;
				GCC_PREPROCESSOR_DEFINITIONS = (
					"DEBUG=1",
					"$(inherited)",
				);
				GCC_WARN_64_TO_32_BIT_CONVERSION = YES;
				GCC_WARN_ABOUT_RETURN_TYPE = YES_ERROR;
				GCC_WARN_UNDECLARED_SELECTOR = YES;
				GCC_WARN_UNINITIALIZED_AUTOS = YES_AGGRESSIVE;
				GCC_WARN_UNUSED_FUNCTION = YES;
				GCC_WARN_UNUSED_VARIABLE = YES;
				IPHONEOS_DEPLOYMENT_TARGET = 10.3;
				MTL_ENABLE_DEBUG_INFO = YES;
				ONLY_ACTIVE_ARCH = YES;
				SDKROOT = iphoneos;
				TARGETED_DEVICE_FAMILY = "1,2";
			};
			name = Debug;
		};
		0A91E6901F0242B1003A0CE0 /* Release */ = {
			isa = XCBuildConfiguration;
			buildSettings = {
				ALWAYS_SEARCH_USER_PATHS = NO;
				CLANG_ANALYZER_NONNULL = YES;
				CLANG_ANALYZER_NUMBER_OBJECT_CONVERSION = YES_AGGRESSIVE;
				CLANG_CXX_LANGUAGE_STANDARD = "gnu++0x";
				CLANG_CXX_LIBRARY = "libc++";
				CLANG_ENABLE_MODULES = YES;
				CLANG_ENABLE_OBJC_ARC = YES;
				CLANG_WARN_BOOL_CONVERSION = YES;
				CLANG_WARN_CONSTANT_CONVERSION = YES;
				CLANG_WARN_DIRECT_OBJC_ISA_USAGE = YES_ERROR;
				CLANG_WARN_DOCUMENTATION_COMMENTS = YES;
				CLANG_WARN_EMPTY_BODY = YES;
				CLANG_WARN_ENUM_CONVERSION = YES;
				CLANG_WARN_INFINITE_RECURSION = YES;
				CLANG_WARN_INT_CONVERSION = YES;
				CLANG_WARN_OBJC_ROOT_CLASS = YES_ERROR;
				CLANG_WARN_SUSPICIOUS_MOVE = YES;
				CLANG_WARN_UNREACHABLE_CODE = YES;
				CLANG_WARN__DUPLICATE_METHOD_MATCH = YES;
				"CODE_SIGN_IDENTITY[sdk=iphoneos*]" = "iPhone Developer";
				COPY_PHASE_STRIP = NO;
				DEBUG_INFORMATION_FORMAT = "dwarf-with-dsym";
				ENABLE_NS_ASSERTIONS = NO;
				ENABLE_STRICT_OBJC_MSGSEND = YES;
				GCC_C_LANGUAGE_STANDARD = gnu99;
				GCC_NO_COMMON_BLOCKS = YES;
				GCC_WARN_64_TO_32_BIT_CONVERSION = YES;
				GCC_WARN_ABOUT_RETURN_TYPE = YES_ERROR;
				GCC_WARN_UNDECLARED_SELECTOR = YES;
				GCC_WARN_UNINITIALIZED_AUTOS = YES_AGGRESSIVE;
				GCC_WARN_UNUSED_FUNCTION = YES;
				GCC_WARN_UNUSED_VARIABLE = YES;
				IPHONEOS_DEPLOYMENT_TARGET = 10.3;
				MTL_ENABLE_DEBUG_INFO = NO;
				SDKROOT = iphoneos;
				TARGETED_DEVICE_FAMILY = "1,2";
				VALIDATE_PRODUCT = YES;
			};
			name = Release;
		};
		0A91E6921F0242B1003A0CE0 /* Debug */ = {
			isa = XCBuildConfiguration;
			baseConfigurationReference = 9EA043FDA3E164AEDE4B2E37 /* Pods-sixLive.debug.xcconfig */;
			buildSettings = {
				ASSETCATALOG_COMPILER_APPICON_NAME = AppIcon;
				DEVELOPMENT_TEAM = Y49U8RX2F5;
				GCC_PREFIX_HEADER = "$(SRCROOT)/sixLive/Resources/sixLive-Prefix.pch";
				INFOPLIST_FILE = sixLive/Info.plist;
				LD_RUNPATH_SEARCH_PATHS = "$(inherited) @executable_path/Frameworks";
				PRODUCT_BUNDLE_IDENTIFIER = com.6.live.sixLive;
				PRODUCT_NAME = "$(TARGET_NAME)";
			};
			name = Debug;
		};
		0A91E6931F0242B1003A0CE0 /* Release */ = {
			isa = XCBuildConfiguration;
			baseConfigurationReference = 4568E60061EF9207DA530B2C /* Pods-sixLive.release.xcconfig */;
			buildSettings = {
				ASSETCATALOG_COMPILER_APPICON_NAME = AppIcon;
				DEVELOPMENT_TEAM = Y49U8RX2F5;
				GCC_PREFIX_HEADER = "$(SRCROOT)/sixLive/Resources/sixLive-Prefix.pch";
				INFOPLIST_FILE = sixLive/Info.plist;
				LD_RUNPATH_SEARCH_PATHS = "$(inherited) @executable_path/Frameworks";
				PRODUCT_BUNDLE_IDENTIFIER = com.6.live.sixLive;
				PRODUCT_NAME = "$(TARGET_NAME)";
			};
			name = Release;
		};
		0A91E6951F0242B1003A0CE0 /* Debug */ = {
			isa = XCBuildConfiguration;
			baseConfigurationReference = C623720BD74546C22E3004C8 /* Pods-sixLiveTests.debug.xcconfig */;
			buildSettings = {
				BUNDLE_LOADER = "$(TEST_HOST)";
				DEVELOPMENT_TEAM = Y49U8RX2F5;
				INFOPLIST_FILE = sixLiveTests/Info.plist;
				LD_RUNPATH_SEARCH_PATHS = "$(inherited) @executable_path/Frameworks @loader_path/Frameworks";
				PRODUCT_BUNDLE_IDENTIFIER = com.6.live.sixLiveTests;
				PRODUCT_NAME = "$(TARGET_NAME)";
				TEST_HOST = "$(BUILT_PRODUCTS_DIR)/sixLive.app/sixLive";
			};
			name = Debug;
		};
		0A91E6961F0242B1003A0CE0 /* Release */ = {
			isa = XCBuildConfiguration;
			baseConfigurationReference = 64A6A382D7F3A5F39F2B008F /* Pods-sixLiveTests.release.xcconfig */;
			buildSettings = {
				BUNDLE_LOADER = "$(TEST_HOST)";
				DEVELOPMENT_TEAM = Y49U8RX2F5;
				INFOPLIST_FILE = sixLiveTests/Info.plist;
				LD_RUNPATH_SEARCH_PATHS = "$(inherited) @executable_path/Frameworks @loader_path/Frameworks";
				PRODUCT_BUNDLE_IDENTIFIER = com.6.live.sixLiveTests;
				PRODUCT_NAME = "$(TARGET_NAME)";
				TEST_HOST = "$(BUILT_PRODUCTS_DIR)/sixLive.app/sixLive";
			};
			name = Release;
		};
		0A91E6981F0242B1003A0CE0 /* Debug */ = {
			isa = XCBuildConfiguration;
			baseConfigurationReference = 96DC62775FAF1D5598C0689B /* Pods-sixLiveUITests.debug.xcconfig */;
			buildSettings = {
				DEVELOPMENT_TEAM = Y49U8RX2F5;
				INFOPLIST_FILE = sixLiveUITests/Info.plist;
				LD_RUNPATH_SEARCH_PATHS = "$(inherited) @executable_path/Frameworks @loader_path/Frameworks";
				PRODUCT_BUNDLE_IDENTIFIER = com.6.live.sixLiveUITests;
				PRODUCT_NAME = "$(TARGET_NAME)";
				TEST_TARGET_NAME = sixLive;
			};
			name = Debug;
		};
		0A91E6991F0242B1003A0CE0 /* Release */ = {
			isa = XCBuildConfiguration;
			baseConfigurationReference = 0454E8E7247575BB69F73079 /* Pods-sixLiveUITests.release.xcconfig */;
			buildSettings = {
				DEVELOPMENT_TEAM = Y49U8RX2F5;
				INFOPLIST_FILE = sixLiveUITests/Info.plist;
				LD_RUNPATH_SEARCH_PATHS = "$(inherited) @executable_path/Frameworks @loader_path/Frameworks";
				PRODUCT_BUNDLE_IDENTIFIER = com.6.live.sixLiveUITests;
				PRODUCT_NAME = "$(TARGET_NAME)";
				TEST_TARGET_NAME = sixLive;
			};
			name = Release;
		};
/* End XCBuildConfiguration section */

/* Begin XCConfigurationList section */
		0A91E65F1F0242B1003A0CE0 /* Build configuration list for PBXProject "sixLive" */ = {
			isa = XCConfigurationList;
			buildConfigurations = (
				0A91E68F1F0242B1003A0CE0 /* Debug */,
				0A91E6901F0242B1003A0CE0 /* Release */,
			);
			defaultConfigurationIsVisible = 0;
			defaultConfigurationName = Release;
		};
		0A91E6911F0242B1003A0CE0 /* Build configuration list for PBXNativeTarget "sixLive" */ = {
			isa = XCConfigurationList;
			buildConfigurations = (
				0A91E6921F0242B1003A0CE0 /* Debug */,
				0A91E6931F0242B1003A0CE0 /* Release */,
			);
			defaultConfigurationIsVisible = 0;
			defaultConfigurationName = Release;
		};
		0A91E6941F0242B1003A0CE0 /* Build configuration list for PBXNativeTarget "sixLiveTests" */ = {
			isa = XCConfigurationList;
			buildConfigurations = (
				0A91E6951F0242B1003A0CE0 /* Debug */,
				0A91E6961F0242B1003A0CE0 /* Release */,
			);
			defaultConfigurationIsVisible = 0;
			defaultConfigurationName = Release;
		};
		0A91E6971F0242B1003A0CE0 /* Build configuration list for PBXNativeTarget "sixLiveUITests" */ = {
			isa = XCConfigurationList;
			buildConfigurations = (
				0A91E6981F0242B1003A0CE0 /* Debug */,
				0A91E6991F0242B1003A0CE0 /* Release */,
			);
			defaultConfigurationIsVisible = 0;
			defaultConfigurationName = Release;
		};
/* End XCConfigurationList section */
	};
	rootObject = 0A91E65C1F0242B1003A0CE0 /* Project object */;
}
